
Microsoft Visual Studio Solution File, Format Version 12.00
# Visual Studio Version 16
VisualStudioVersion = 16.0.31410.357
MinimumVisualStudioVersion = 10.0.40219.1
Project("{9A19103F-16F7-4668-BE54-9A1E7A4F7556}") = "ConsoleAppClass", "ConsoleAppClass\ConsoleAppClass.csproj", "{698286CD-6B0E-4FC8-B3DB-DD27FF613442}"
EndProject
Project("{9A19103F-16F7-4668-BE54-9A1E7A4F7556}") = "ConsoleAppClass1Zad2", "ConsoleAppClass1Zad2\ConsoleAppClass1Zad2.csproj", "{CE9F8CE6-193D-4CFD-BD1A-4EA7803BCBBB}"
EndProject
Project("{9A19103F-16F7-4668-BE54-9A1E7A4F7556}") = "ConsoleAppClass1Zad3", "ConsoleAppClass1Zad3\ConsoleAppClass1Zad3.csproj", "{6BB9A7AD-498D-4CD2-B13F-4C443B62FEB5}"
EndProject
Project("{9A19103F-16F7-4668-BE54-9A1E7A4F7556}") = "ConsoleAppClass1Zad4", "ConsoleAppClass1Zad4\ConsoleAppClass1Zad4.csproj", "{5ADAFAAD-69C1-4D26-A68A-3A571ED1755D}"
EndProject
Project("{FAE04EC0-301F-11D3-BF4B-00C04F79EFBC}") = "ConsoleAppClass2Zad0", "ConsoleAppClass2Zad0\ConsoleAppClass2Zad0.csproj", "{7EF2C5E2-A272-43E1-B393-4E42C98F9747}"
EndProject
Global
	GlobalSection(SolutionConfigurationPlatforms) = preSolution
		Debug|Any CPU = Debug|Any CPU
		Release|Any CPU = Release|Any CPU
	EndGlobalSection
	GlobalSection(ProjectConfigurationPlatforms) = postSolution
		{698286CD-6B0E-4FC8-B3DB-DD27FF613442}.Debug|Any CPU.ActiveCfg = Debug|Any CPU
		{698286CD-6B0E-4FC8-B3DB-DD27FF613442}.Debug|Any CPU.Build.0 = Debug|Any CPU
		{698286CD-6B0E-4FC8-B3DB-DD27FF613442}.Release|Any CPU.ActiveCfg = Release|Any CPU
		{698286CD-6B0E-4FC8-B3DB-DD27FF613442}.Release|Any CPU.Build.0 = Release|Any CPU
		{CE9F8CE6-193D-4CFD-BD1A-4EA7803BCBBB}.Debug|Any CPU.ActiveCfg = Debug|Any CPU
		{CE9F8CE6-193D-4CFD-BD1A-4EA7803BCBBB}.Debug|Any CPU.Build.0 = Debug|Any CPU
		{CE9F8CE6-193D-4CFD-BD1A-4EA7803BCBBB}.Release|Any CPU.ActiveCfg = Release|Any CPU
		{CE9F8CE6-193D-4CFD-BD1A-4EA7803BCBBB}.Release|Any CPU.Build.0 = Release|Any CPU
		{6BB9A7AD-498D-4CD2-B13F-4C443B62FEB5}.Debug|Any CPU.ActiveCfg = Debug|Any CPU
		{6BB9A7AD-498D-4CD2-B13F-4C443B62FEB5}.Debug|Any CPU.Build.0 = Debug|Any CPU
		{6BB9A7AD-498D-4CD2-B13F-4C443B62FEB5}.Release|Any CPU.ActiveCfg = Release|Any CPU
		{6BB9A7AD-498D-4CD2-B13F-4C443B62FEB5}.Release|Any CPU.Build.0 = Release|Any CPU
		{5ADAFAAD-69C1-4D26-A68A-3A571ED1755D}.Debug|Any CPU.ActiveCfg = Debug|Any CPU
		{5ADAFAAD-69C1-4D26-A68A-3A571ED1755D}.Debug|Any CPU.Build.0 = Debug|Any CPU
		{5ADAFAAD-69C1-4D26-A68A-3A571ED1755D}.Release|Any CPU.ActiveCfg = Release|Any CPU
		{5ADAFAAD-69C1-4D26-A68A-3A571ED1755D}.Release|Any CPU.Build.0 = Release|Any CPU
		{7EF2C5E2-A272-43E1-B393-4E42C98F9747}.Debug|Any CPU.ActiveCfg = Debug|Any CPU
		{7EF2C5E2-A272-43E1-B393-4E42C98F9747}.Debug|Any CPU.Build.0 = Debug|Any CPU
		{7EF2C5E2-A272-43E1-B393-4E42C98F9747}.Release|Any CPU.ActiveCfg = Release|Any CPU
		{7EF2C5E2-A272-43E1-B393-4E42C98F9747}.Release|Any CPU.Build.0 = Release|Any CPU
	EndGlobalSection
	GlobalSection(SolutionProperties) = preSolution
		HideSolutionNode = FALSE
	EndGlobalSection
	GlobalSection(ExtensibilityGlobals) = postSolution
		SolutionGuid = {A43726ED-3589-423C-A282-AA11B97BB1A9}
	EndGlobalSection
EndGlobal
